
Microsoft Visual Studio Solution File, Format Version 12.00
# Visual Studio 2012
Project("{FAE04EC0-301F-11D3-BF4B-00C04F79EFBC}") = "ShopBridgeService", "ShopBridgeService\ShopBridgeService.csproj", "{EC01CB15-4059-41A3-A330-A16821DA484B}"
EndProject
Global
	GlobalSection(SolutionConfigurationPlatforms) = preSolution
		Debug|Any CPU = Debug|Any CPU
		Release|Any CPU = Release|Any CPU
	EndGlobalSection
	GlobalSection(ProjectConfigurationPlatforms) = postSolution
		{EC01CB15-4059-41A3-A330-A16821DA484B}.Debug|Any CPU.ActiveCfg = Debug|Any CPU
		{EC01CB15-4059-41A3-A330-A16821DA484B}.Debug|Any CPU.Build.0 = Debug|Any CPU
		{EC01CB15-4059-41A3-A330-A16821DA484B}.Release|Any CPU.ActiveCfg = Release|Any CPU
		{EC01CB15-4059-41A3-A330-A16821DA484B}.Release|Any CPU.Build.0 = Release|Any CPU
	EndGlobalSection
	GlobalSection(SolutionProperties) = preSolution
		HideSolutionNode = FALSE
	EndGlobalSection
EndGlobal
